
Microsoft Visual Studio Solution File, Format Version 12.00
# Visual Studio 15
VisualStudioVersion = 15.0.28307.572
MinimumVisualStudioVersion = 10.0.40219.1
Project("{9A19103F-16F7-4668-BE54-9A1E7A4F7556}") = "Models", "Models.csproj", "{412E77C7-1991-4FDA-90A6-239EA978AE94}"
EndProject
Global
	GlobalSection(SolutionConfigurationPlatforms) = preSolution
		Debug|Any CPU = Debug|Any CPU
		Release|Any CPU = Release|Any CPU
	EndGlobalSection
	GlobalSection(ProjectConfigurationPlatforms) = postSolution
		{412E77C7-1991-4FDA-90A6-239EA978AE94}.Debug|Any CPU.ActiveCfg = Debug|Any CPU
		{412E77C7-1991-4FDA-90A6-239EA978AE94}.Debug|Any CPU.Build.0 = Debug|Any CPU
		{412E77C7-1991-4FDA-90A6-239EA978AE94}.Release|Any CPU.ActiveCfg = Release|Any CPU
		{412E77C7-1991-4FDA-90A6-239EA978AE94}.Release|Any CPU.Build.0 = Release|Any CPU
	EndGlobalSection
	GlobalSection(SolutionProperties) = preSolution
		HideSolutionNode = FALSE
	EndGlobalSection
	GlobalSection(ExtensibilityGlobals) = postSolution
		SolutionGuid = {C9CDE8E3-BBAA-4EBF-84FF-6F8BD4367789}
	EndGlobalSection
EndGlobal
